
Microsoft Visual Studio Solution File, Format Version 12.00
# Visual Studio 14
VisualStudioVersion = 14.0.25420.1
MinimumVisualStudioVersion = 10.0.40219.1
Project("{FAE04EC0-301F-11D3-BF4B-00C04F79EFBC}") = "StandardControlSample", "StandardControlSample\StandardControlSample\StandardControlSample.csproj", "{116B1761-298B-4109-9D99-073B4D3AAEB7}"
EndProject
Project("{FAE04EC0-301F-11D3-BF4B-00C04F79EFBC}") = "StandardControlSample.Droid", "StandardControlSample\StandardControlSample.Droid\StandardControlSample.Droid.csproj", "{A3DAB449-1622-4E6D-BD29-955E883661AB}"
EndProject
Project("{FAE04EC0-301F-11D3-BF4B-00C04F79EFBC}") = "StandardControlSample.iOS", "StandardControlSample\StandardControlSample.iOS\StandardControlSample.iOS.csproj", "{360B8AEB-B4C3-4D58-8196-EF3A0006600D}"
EndProject
Project("{FAE04EC0-301F-11D3-BF4B-00C04F79EFBC}") = "StandardControlSample.WinPhone", "StandardControlSample\StandardControlSample.WinPhone\StandardControlSample.WinPhone.csproj", "{353CCE80-A221-49FA-A8E8-5781AB85959F}"
EndProject
Project("{FAE04EC0-301F-11D3-BF4B-00C04F79EFBC}") = "StandardControlSample.UWP", "StandardControlSample\StandardControlSample.UWP\StandardControlSample.UWP.csproj", "{AD122B42-72DB-47C1-AFE3-DCDAFD5EB52A}"
EndProject
Project("{FAE04EC0-301F-11D3-BF4B-00C04F79EFBC}") = "StandardControlSample.Windows", "StandardControlSample\StandardControlSample.Windows\StandardControlSample.Windows.csproj", "{45736CB2-2CEA-4897-A741-2EC36811E565}"
EndProject
Global
	GlobalSection(SolutionConfigurationPlatforms) = preSolution
		Ad-Hoc|Any CPU = Ad-Hoc|Any CPU
		Ad-Hoc|ARM = Ad-Hoc|ARM
		Ad-Hoc|iPhone = Ad-Hoc|iPhone
		Ad-Hoc|iPhoneSimulator = Ad-Hoc|iPhoneSimulator
		Ad-Hoc|x64 = Ad-Hoc|x64
		Ad-Hoc|x86 = Ad-Hoc|x86
		AppStore|Any CPU = AppStore|Any CPU
		AppStore|ARM = AppStore|ARM
		AppStore|iPhone = AppStore|iPhone
		AppStore|iPhoneSimulator = AppStore|iPhoneSimulator
		AppStore|x64 = AppStore|x64
		AppStore|x86 = AppStore|x86
		Debug|Any CPU = Debug|Any CPU
		Debug|ARM = Debug|ARM
		Debug|iPhone = Debug|iPhone
		Debug|iPhoneSimulator = Debug|iPhoneSimulator
		Debug|x64 = Debug|x64
		Debug|x86 = Debug|x86
		Release|Any CPU = Release|Any CPU
		Release|ARM = Release|ARM
		Release|iPhone = Release|iPhone
		Release|iPhoneSimulator = Release|iPhoneSimulator
		Release|x64 = Release|x64
		Release|x86 = Release|x86
	EndGlobalSection
	GlobalSection(ProjectConfigurationPlatforms) = postSolution
		{116B1761-298B-4109-9D99-073B4D3AAEB7}.Ad-Hoc|Any CPU.ActiveCfg = Release|Any CPU
		{116B1761-298B-4109-9D99-073B4D3AAEB7}.Ad-Hoc|Any CPU.Build.0 = Release|Any CPU
		{116B1761-298B-4109-9D99-073B4D3AAEB7}.Ad-Hoc|ARM.ActiveCfg = Release|Any CPU
		{116B1761-298B-4109-9D99-073B4D3AAEB7}.Ad-Hoc|ARM.Build.0 = Release|Any CPU
		{116B1761-298B-4109-9D99-073B4D3AAEB7}.Ad-Hoc|iPhone.ActiveCfg = Release|Any CPU
		{116B1761-298B-4109-9D99-073B4D3AAEB7}.Ad-Hoc|iPhone.Build.0 = Release|Any CPU
		{116B1761-298B-4109-9D99-073B4D3AAEB7}.Ad-Hoc|iPhoneSimulator.ActiveCfg = Release|Any CPU
		{116B1761-298B-4109-9D99-073B4D3AAEB7}.Ad-Hoc|iPhoneSimulator.Build.0 = Release|Any CPU
		{116B1761-298B-4109-9D99-073B4D3AAEB7}.Ad-Hoc|x64.ActiveCfg = Release|Any CPU
		{116B1761-298B-4109-9D99-073B4D3AAEB7}.Ad-Hoc|x64.Build.0 = Release|Any CPU
		{116B1761-298B-4109-9D99-073B4D3AAEB7}.Ad-Hoc|x86.ActiveCfg = Release|Any CPU
		{116B1761-298B-4109-9D99-073B4D3AAEB7}.Ad-Hoc|x86.Build.0 = Release|Any CPU
		{116B1761-298B-4109-9D99-073B4D3AAEB7}.AppStore|Any CPU.ActiveCfg = Release|Any CPU
		{116B1761-298B-4109-9D99-073B4D3AAEB7}.AppStore|Any CPU.Build.0 = Release|Any CPU
		{116B1761-298B-4109-9D99-073B4D3AAEB7}.AppStore|ARM.ActiveCfg = Release|Any CPU
		{116B1761-298B-4109-9D99-073B4D3AAEB7}.AppStore|ARM.Build.0 = Release|Any CPU
		{116B1761-298B-4109-9D99-073B4D3AAEB7}.AppStore|iPhone.ActiveCfg = Release|Any CPU
		{116B1761-298B-4109-9D99-073B4D3AAEB7}.AppStore|iPhone.Build.0 = Release|Any CPU
		{116B1761-298B-4109-9D99-073B4D3AAEB7}.AppStore|iPhoneSimulator.ActiveCfg = Release|Any CPU
		{116B1761-298B-4109-9D99-073B4D3AAEB7}.AppStore|iPhoneSimulator.Build.0 = Release|Any CPU
		{116B1761-298B-4109-9D99-073B4D3AAEB7}.AppStore|x64.ActiveCfg = Release|Any CPU
		{116B1761-298B-4109-9D99-073B4D3AAEB7}.AppStore|x64.Build.0 = Release|Any CPU
		{116B1761-298B-4109-9D99-073B4D3AAEB7}.AppStore|x86.ActiveCfg = Release|Any CPU
		{116B1761-298B-4109-9D99-073B4D3AAEB7}.AppStore|x86.Build.0 = Release|Any CPU
		{116B1761-298B-4109-9D99-073B4D3AAEB7}.Debug|Any CPU.ActiveCfg = Debug|Any CPU
		{116B1761-298B-4109-9D99-073B4D3AAEB7}.Debug|Any CPU.Build.0 = Debug|Any CPU
		{116B1761-298B-4109-9D99-073B4D3AAEB7}.Debug|ARM.ActiveCfg = Debug|Any CPU
		{116B1761-298B-4109-9D99-073B4D3AAEB7}.Debug|ARM.Build.0 = Debug|Any CPU
		{116B1761-298B-4109-9D99-073B4D3AAEB7}.Debug|iPhone.ActiveCfg = Debug|Any CPU
		{116B1761-298B-4109-9D99-073B4D3AAEB7}.Debug|iPhone.Build.0 = Debug|Any CPU
		{116B1761-298B-4109-9D99-073B4D3AAEB7}.Debug|iPhoneSimulator.ActiveCfg = Debug|Any CPU
		{116B1761-298B-4109-9D99-073B4D3AAEB7}.Debug|iPhoneSimulator.Build.0 = Debug|Any CPU
		{116B1761-298B-4109-9D99-073B4D3AAEB7}.Debug|x64.ActiveCfg = Debug|Any CPU
		{116B1761-298B-4109-9D99-073B4D3AAEB7}.Debug|x64.Build.0 = Debug|Any CPU
		{116B1761-298B-4109-9D99-073B4D3AAEB7}.Debug|x86.ActiveCfg = Debug|Any CPU
		{116B1761-298B-4109-9D99-073B4D3AAEB7}.Debug|x86.Build.0 = Debug|Any CPU
		{116B1761-298B-4109-9D99-073B4D3AAEB7}.Release|Any CPU.ActiveCfg = Release|Any CPU
		{116B1761-298B-4109-9D99-073B4D3AAEB7}.Release|Any CPU.Build.0 = Release|Any CPU
		{116B1761-298B-4109-9D99-073B4D3AAEB7}.Release|ARM.ActiveCfg = Release|Any CPU
		{116B1761-298B-4109-9D99-073B4D3AAEB7}.Release|ARM.Build.0 = Release|Any CPU
		{116B1761-298B-4109-9D99-073B4D3AAEB7}.Release|iPhone.ActiveCfg = Release|Any CPU
		{116B1761-298B-4109-9D99-073B4D3AAEB7}.Release|iPhone.Build.0 = Release|Any CPU
		{116B1761-298B-4109-9D99-073B4D3AAEB7}.Release|iPhoneSimulator.ActiveCfg = Release|Any CPU
		{116B1761-298B-4109-9D99-073B4D3AAEB7}.Release|iPhoneSimulator.Build.0 = Release|Any CPU
		{116B1761-298B-4109-9D99-073B4D3AAEB7}.Release|x64.ActiveCfg = Release|Any CPU
		{116B1761-298B-4109-9D99-073B4D3AAEB7}.Release|x64.Build.0 = Release|Any CPU
		{116B1761-298B-4109-9D99-073B4D3AAEB7}.Release|x86.ActiveCfg = Release|Any CPU
		{116B1761-298B-4109-9D99-073B4D3AAEB7}.Release|x86.Build.0 = Release|Any CPU
		{A3DAB449-1622-4E6D-BD29-955E883661AB}.Ad-Hoc|Any CPU.ActiveCfg = Release|Any CPU
		{A3DAB449-1622-4E6D-BD29-955E883661AB}.Ad-Hoc|Any CPU.Build.0 = Release|Any CPU
		{A3DAB449-1622-4E6D-BD29-955E883661AB}.Ad-Hoc|Any CPU.Deploy.0 = Release|Any CPU
		{A3DAB449-1622-4E6D-BD29-955E883661AB}.Ad-Hoc|ARM.ActiveCfg = Release|Any CPU
		{A3DAB449-1622-4E6D-BD29-955E883661AB}.Ad-Hoc|ARM.Build.0 = Release|Any CPU
		{A3DAB449-1622-4E6D-BD29-955E883661AB}.Ad-Hoc|ARM.Deploy.0 = Release|Any CPU
		{A3DAB449-1622-4E6D-BD29-955E883661AB}.Ad-Hoc|iPhone.ActiveCfg = Release|Any CPU
		{A3DAB449-1622-4E6D-BD29-955E883661AB}.Ad-Hoc|iPhone.Build.0 = Release|Any CPU
		{A3DAB449-1622-4E6D-BD29-955E883661AB}.Ad-Hoc|iPhone.Deploy.0 = Release|Any CPU
		{A3DAB449-1622-4E6D-BD29-955E883661AB}.Ad-Hoc|iPhoneSimulator.ActiveCfg = Release|Any CPU
		{A3DAB449-1622-4E6D-BD29-955E883661AB}.Ad-Hoc|iPhoneSimulator.Build.0 = Release|Any CPU
		{A3DAB449-1622-4E6D-BD29-955E883661AB}.Ad-Hoc|iPhoneSimulator.Deploy.0 = Release|Any CPU
		{A3DAB449-1622-4E6D-BD29-955E883661AB}.Ad-Hoc|x64.ActiveCfg = Release|Any CPU
		{A3DAB449-1622-4E6D-BD29-955E883661AB}.Ad-Hoc|x64.Build.0 = Release|Any CPU
		{A3DAB449-1622-4E6D-BD29-955E883661AB}.Ad-Hoc|x64.Deploy.0 = Release|Any CPU
		{A3DAB449-1622-4E6D-BD29-955E883661AB}.Ad-Hoc|x86.ActiveCfg = Release|Any CPU
		{A3DAB449-1622-4E6D-BD29-955E883661AB}.Ad-Hoc|x86.Build.0 = Release|Any CPU
		{A3DAB449-1622-4E6D-BD29-955E883661AB}.Ad-Hoc|x86.Deploy.0 = Release|Any CPU
		{A3DAB449-1622-4E6D-BD29-955E883661AB}.AppStore|Any CPU.ActiveCfg = Release|Any CPU
		{A3DAB449-1622-4E6D-BD29-955E883661AB}.AppStore|Any CPU.Build.0 = Release|Any CPU
		{A3DAB449-1622-4E6D-BD29-955E883661AB}.AppStore|Any CPU.Deploy.0 = Release|Any CPU
		{A3DAB449-1622-4E6D-BD29-955E883661AB}.AppStore|ARM.ActiveCfg = Release|Any CPU
		{A3DAB449-1622-4E6D-BD29-955E883661AB}.AppStore|ARM.Build.0 = Release|Any CPU
		{A3DAB449-1622-4E6D-BD29-955E883661AB}.AppStore|ARM.Deploy.0 = Release|Any CPU
		{A3DAB449-1622-4E6D-BD29-955E883661AB}.AppStore|iPhone.ActiveCfg = Release|Any CPU
		{A3DAB449-1622-4E6D-BD29-955E883661AB}.AppStore|iPhone.Build.0 = Release|Any CPU
		{A3DAB449-1622-4E6D-BD29-955E883661AB}.AppStore|iPhone.Deploy.0 = Release|Any CPU
		{A3DAB449-1622-4E6D-BD29-955E883661AB}.AppStore|iPhoneSimulator.ActiveCfg = Release|Any CPU
		{A3DAB449-1622-4E6D-BD29-955E883661AB}.AppStore|iPhoneSimulator.Build.0 = Release|Any CPU
		{A3DAB449-1622-4E6D-BD29-955E883661AB}.AppStore|iPhoneSimulator.Deploy.0 = Release|Any CPU
		{A3DAB449-1622-4E6D-BD29-955E883661AB}.AppStore|x64.ActiveCfg = Release|Any CPU
		{A3DAB449-1622-4E6D-BD29-955E883661AB}.AppStore|x64.Build.0 = Release|Any CPU
		{A3DAB449-1622-4E6D-BD29-955E883661AB}.AppStore|x64.Deploy.0 = Release|Any CPU
		{A3DAB449-1622-4E6D-BD29-955E883661AB}.AppStore|x86.ActiveCfg = Release|Any CPU
		{A3DAB449-1622-4E6D-BD29-955E883661AB}.AppStore|x86.Build.0 = Release|Any CPU
		{A3DAB449-1622-4E6D-BD29-955E883661AB}.AppStore|x86.Deploy.0 = Release|Any CPU
		{A3DAB449-1622-4E6D-BD29-955E883661AB}.Debug|Any CPU.ActiveCfg = Debug|Any CPU
		{A3DAB449-1622-4E6D-BD29-955E883661AB}.Debug|Any CPU.Build.0 = Debug|Any CPU
		{A3DAB449-1622-4E6D-BD29-955E883661AB}.Debug|Any CPU.Deploy.0 = Debug|Any CPU
		{A3DAB449-1622-4E6D-BD29-955E883661AB}.Debug|ARM.ActiveCfg = Debug|Any CPU
		{A3DAB449-1622-4E6D-BD29-955E883661AB}.Debug|ARM.Build.0 = Debug|Any CPU
		{A3DAB449-1622-4E6D-BD29-955E883661AB}.Debug|ARM.Deploy.0 = Debug|Any CPU
		{A3DAB449-1622-4E6D-BD29-955E883661AB}.Debug|iPhone.ActiveCfg = Debug|Any CPU
		{A3DAB449-1622-4E6D-BD29-955E883661AB}.Debug|iPhone.Build.0 = Debug|Any CPU
		{A3DAB449-1622-4E6D-BD29-955E883661AB}.Debug|iPhone.Deploy.0 = Debug|Any CPU
		{A3DAB449-1622-4E6D-BD29-955E883661AB}.Debug|iPhoneSimulator.ActiveCfg = Debug|Any CPU
		{A3DAB449-1622-4E6D-BD29-955E883661AB}.Debug|iPhoneSimulator.Build.0 = Debug|Any CPU
		{A3DAB449-1622-4E6D-BD29-955E883661AB}.Debug|iPhoneSimulator.Deploy.0 = Debug|Any CPU
		{A3DAB449-1622-4E6D-BD29-955E883661AB}.Debug|x64.ActiveCfg = Debug|Any CPU
		{A3DAB449-1622-4E6D-BD29-955E883661AB}.Debug|x64.Build.0 = Debug|Any CPU
		{A3DAB449-1622-4E6D-BD29-955E883661AB}.Debug|x64.Deploy.0 = Debug|Any CPU
		{A3DAB449-1622-4E6D-BD29-955E883661AB}.Debug|x86.ActiveCfg = Debug|Any CPU
		{A3DAB449-1622-4E6D-BD29-955E883661AB}.Debug|x86.Build.0 = Debug|Any CPU
		{A3DAB449-1622-4E6D-BD29-955E883661AB}.Debug|x86.Deploy.0 = Debug|Any CPU
		{A3DAB449-1622-4E6D-BD29-955E883661AB}.Release|Any CPU.ActiveCfg = Release|Any CPU
		{A3DAB449-1622-4E6D-BD29-955E883661AB}.Release|Any CPU.Build.0 = Release|Any CPU
		{A3DAB449-1622-4E6D-BD29-955E883661AB}.Release|Any CPU.Deploy.0 = Release|Any CPU
		{A3DAB449-1622-4E6D-BD29-955E883661AB}.Release|ARM.ActiveCfg = Release|Any CPU
		{A3DAB449-1622-4E6D-BD29-955E883661AB}.Release|ARM.Build.0 = Release|Any CPU
		{A3DAB449-1622-4E6D-BD29-955E883661AB}.Release|ARM.Deploy.0 = Release|Any CPU
		{A3DAB449-1622-4E6D-BD29-955E883661AB}.Release|iPhone.ActiveCfg = Release|Any CPU
		{A3DAB449-1622-4E6D-BD29-955E883661AB}.Release|iPhone.Build.0 = Release|Any CPU
		{A3DAB449-1622-4E6D-BD29-955E883661AB}.Release|iPhone.Deploy.0 = Release|Any CPU
		{A3DAB449-1622-4E6D-BD29-955E883661AB}.Release|iPhoneSimulator.ActiveCfg = Release|Any CPU
		{A3DAB449-1622-4E6D-BD29-955E883661AB}.Release|iPhoneSimulator.Build.0 = Release|Any CPU
		{A3DAB449-1622-4E6D-BD29-955E883661AB}.Release|iPhoneSimulator.Deploy.0 = Release|Any CPU
		{A3DAB449-1622-4E6D-BD29-955E883661AB}.Release|x64.ActiveCfg = Release|Any CPU
		{A3DAB449-1622-4E6D-BD29-955E883661AB}.Release|x64.Build.0 = Release|Any CPU
		{A3DAB449-1622-4E6D-BD29-955E883661AB}.Release|x64.Deploy.0 = Release|Any CPU
		{A3DAB449-1622-4E6D-BD29-955E883661AB}.Release|x86.ActiveCfg = Release|Any CPU
		{A3DAB449-1622-4E6D-BD29-955E883661AB}.Release|x86.Build.0 = Release|Any CPU
		{A3DAB449-1622-4E6D-BD29-955E883661AB}.Release|x86.Deploy.0 = Release|Any CPU
		{360B8AEB-B4C3-4D58-8196-EF3A0006600D}.Ad-Hoc|Any CPU.ActiveCfg = Ad-Hoc|iPhone
		{360B8AEB-B4C3-4D58-8196-EF3A0006600D}.Ad-Hoc|ARM.ActiveCfg = Ad-Hoc|iPhone
		{360B8AEB-B4C3-4D58-8196-EF3A0006600D}.Ad-Hoc|iPhone.ActiveCfg = Ad-Hoc|iPhone
		{360B8AEB-B4C3-4D58-8196-EF3A0006600D}.Ad-Hoc|iPhone.Build.0 = Ad-Hoc|iPhone
		{360B8AEB-B4C3-4D58-8196-EF3A0006600D}.Ad-Hoc|iPhoneSimulator.ActiveCfg = Ad-Hoc|iPhoneSimulator
		{360B8AEB-B4C3-4D58-8196-EF3A0006600D}.Ad-Hoc|iPhoneSimulator.Build.0 = Ad-Hoc|iPhoneSimulator
		{360B8AEB-B4C3-4D58-8196-EF3A0006600D}.Ad-Hoc|x64.ActiveCfg = Ad-Hoc|iPhone
		{360B8AEB-B4C3-4D58-8196-EF3A0006600D}.Ad-Hoc|x86.ActiveCfg = Ad-Hoc|iPhone
		{360B8AEB-B4C3-4D58-8196-EF3A0006600D}.AppStore|Any CPU.ActiveCfg = AppStore|iPhone
		{360B8AEB-B4C3-4D58-8196-EF3A0006600D}.AppStore|ARM.ActiveCfg = AppStore|iPhone
		{360B8AEB-B4C3-4D58-8196-EF3A0006600D}.AppStore|iPhone.ActiveCfg = AppStore|iPhone
		{360B8AEB-B4C3-4D58-8196-EF3A0006600D}.AppStore|iPhone.Build.0 = AppStore|iPhone
		{360B8AEB-B4C3-4D58-8196-EF3A0006600D}.AppStore|iPhoneSimulator.ActiveCfg = AppStore|iPhoneSimulator
		{360B8AEB-B4C3-4D58-8196-EF3A0006600D}.AppStore|iPhoneSimulator.Build.0 = AppStore|iPhoneSimulator
		{360B8AEB-B4C3-4D58-8196-EF3A0006600D}.AppStore|x64.ActiveCfg = AppStore|iPhone
		{360B8AEB-B4C3-4D58-8196-EF3A0006600D}.AppStore|x86.ActiveCfg = AppStore|iPhone
		{360B8AEB-B4C3-4D58-8196-EF3A0006600D}.Debug|Any CPU.ActiveCfg = Debug|iPhone
		{360B8AEB-B4C3-4D58-8196-EF3A0006600D}.Debug|ARM.ActiveCfg = Debug|iPhone
		{360B8AEB-B4C3-4D58-8196-EF3A0006600D}.Debug|iPhone.ActiveCfg = Debug|iPhone
		{360B8AEB-B4C3-4D58-8196-EF3A0006600D}.Debug|iPhone.Build.0 = Debug|iPhone
		{360B8AEB-B4C3-4D58-8196-EF3A0006600D}.Debug|iPhoneSimulator.ActiveCfg = Debug|iPhoneSimulator
		{360B8AEB-B4C3-4D58-8196-EF3A0006600D}.Debug|iPhoneSimulator.Build.0 = Debug|iPhoneSimulator
		{360B8AEB-B4C3-4D58-8196-EF3A0006600D}.Debug|x64.ActiveCfg = Debug|iPhone
		{360B8AEB-B4C3-4D58-8196-EF3A0006600D}.Debug|x86.ActiveCfg = Debug|iPhone
		{360B8AEB-B4C3-4D58-8196-EF3A0006600D}.Release|Any CPU.ActiveCfg = Release|iPhone
		{360B8AEB-B4C3-4D58-8196-EF3A0006600D}.Release|ARM.ActiveCfg = Release|iPhone
		{360B8AEB-B4C3-4D58-8196-EF3A0006600D}.Release|iPhone.ActiveCfg = Release|iPhone
		{360B8AEB-B4C3-4D58-8196-EF3A0006600D}.Release|iPhone.Build.0 = Release|iPhone
		{360B8AEB-B4C3-4D58-8196-EF3A0006600D}.Release|iPhoneSimulator.ActiveCfg = Release|iPhoneSimulator
		{360B8AEB-B4C3-4D58-8196-EF3A0006600D}.Release|iPhoneSimulator.Build.0 = Release|iPhoneSimulator
		{360B8AEB-B4C3-4D58-8196-EF3A0006600D}.Release|x64.ActiveCfg = Release|iPhone
		{360B8AEB-B4C3-4D58-8196-EF3A0006600D}.Release|x86.ActiveCfg = Release|iPhone
		{353CCE80-A221-49FA-A8E8-5781AB85959F}.Ad-Hoc|Any CPU.ActiveCfg = Release|Any CPU
		{353CCE80-A221-49FA-A8E8-5781AB85959F}.Ad-Hoc|Any CPU.Build.0 = Release|Any CPU
		{353CCE80-A221-49FA-A8E8-5781AB85959F}.Ad-Hoc|Any CPU.Deploy.0 = Release|Any CPU
		{353CCE80-A221-49FA-A8E8-5781AB85959F}.Ad-Hoc|ARM.ActiveCfg = Release|ARM
		{353CCE80-A221-49FA-A8E8-5781AB85959F}.Ad-Hoc|ARM.Build.0 = Release|ARM
		{353CCE80-A221-49FA-A8E8-5781AB85959F}.Ad-Hoc|ARM.Deploy.0 = Release|ARM
		{353CCE80-A221-49FA-A8E8-5781AB85959F}.Ad-Hoc|iPhone.ActiveCfg = Release|Any CPU
		{353CCE80-A221-49FA-A8E8-5781AB85959F}.Ad-Hoc|iPhone.Build.0 = Release|Any CPU
		{353CCE80-A221-49FA-A8E8-5781AB85959F}.Ad-Hoc|iPhone.Deploy.0 = Release|Any CPU
		{353CCE80-A221-49FA-A8E8-5781AB85959F}.Ad-Hoc|iPhoneSimulator.ActiveCfg = Release|Any CPU
		{353CCE80-A221-49FA-A8E8-5781AB85959F}.Ad-Hoc|iPhoneSimulator.Build.0 = Release|Any CPU
		{353CCE80-A221-49FA-A8E8-5781AB85959F}.Ad-Hoc|iPhoneSimulator.Deploy.0 = Release|Any CPU
		{353CCE80-A221-49FA-A8E8-5781AB85959F}.Ad-Hoc|x64.ActiveCfg = Release|Any CPU
		{353CCE80-A221-49FA-A8E8-5781AB85959F}.Ad-Hoc|x64.Build.0 = Release|Any CPU
		{353CCE80-A221-49FA-A8E8-5781AB85959F}.Ad-Hoc|x64.Deploy.0 = Release|Any CPU
		{353CCE80-A221-49FA-A8E8-5781AB85959F}.Ad-Hoc|x86.ActiveCfg = Release|x86
		{353CCE80-A221-49FA-A8E8-5781AB85959F}.Ad-Hoc|x86.Build.0 = Release|x86
		{353CCE80-A221-49FA-A8E8-5781AB85959F}.Ad-Hoc|x86.Deploy.0 = Release|x86
		{353CCE80-A221-49FA-A8E8-5781AB85959F}.AppStore|Any CPU.ActiveCfg = Release|Any CPU
		{353CCE80-A221-49FA-A8E8-5781AB85959F}.AppStore|Any CPU.Build.0 = Release|Any CPU
		{353CCE80-A221-49FA-A8E8-5781AB85959F}.AppStore|Any CPU.Deploy.0 = Release|Any CPU
		{353CCE80-A221-49FA-A8E8-5781AB85959F}.AppStore|ARM.ActiveCfg = Release|ARM
		{353CCE80-A221-49FA-A8E8-5781AB85959F}.AppStore|ARM.Build.0 = Release|ARM
		{353CCE80-A221-49FA-A8E8-5781AB85959F}.AppStore|ARM.Deploy.0 = Release|ARM
		{353CCE80-A221-49FA-A8E8-5781AB85959F}.AppStore|iPhone.ActiveCfg = Release|Any CPU
		{353CCE80-A221-49FA-A8E8-5781AB85959F}.AppStore|iPhone.Build.0 = Release|Any CPU
		{353CCE80-A221-49FA-A8E8-5781AB85959F}.AppStore|iPhone.Deploy.0 = Release|Any CPU
		{353CCE80-A221-49FA-A8E8-5781AB85959F}.AppStore|iPhoneSimulator.ActiveCfg = Release|Any CPU
		{353CCE80-A221-49FA-A8E8-5781AB85959F}.AppStore|iPhoneSimulator.Build.0 = Release|Any CPU
		{353CCE80-A221-49FA-A8E8-5781AB85959F}.AppStore|iPhoneSimulator.Deploy.0 = Release|Any CPU
		{353CCE80-A221-49FA-A8E8-5781AB85959F}.AppStore|x64.ActiveCfg = Release|Any CPU
		{353CCE80-A221-49FA-A8E8-5781AB85959F}.AppStore|x64.Build.0 = Release|Any CPU
		{353CCE80-A221-49FA-A8E8-5781AB85959F}.AppStore|x64.Deploy.0 = Release|Any CPU
		{353CCE80-A221-49FA-A8E8-5781AB85959F}.AppStore|x86.ActiveCfg = Release|x86
		{353CCE80-A221-49FA-A8E8-5781AB85959F}.AppStore|x86.Build.0 = Release|x86
		{353CCE80-A221-49FA-A8E8-5781AB85959F}.AppStore|x86.Deploy.0 = Release|x86
		{353CCE80-A221-49FA-A8E8-5781AB85959F}.Debug|Any CPU.ActiveCfg = Debug|Any CPU
		{353CCE80-A221-49FA-A8E8-5781AB85959F}.Debug|Any CPU.Build.0 = Debug|Any CPU
		{353CCE80-A221-49FA-A8E8-5781AB85959F}.Debug|Any CPU.Deploy.0 = Debug|Any CPU
		{353CCE80-A221-49FA-A8E8-5781AB85959F}.Debug|ARM.ActiveCfg = Debug|ARM
		{353CCE80-A221-49FA-A8E8-5781AB85959F}.Debug|ARM.Build.0 = Debug|ARM
		{353CCE80-A221-49FA-A8E8-5781AB85959F}.Debug|ARM.Deploy.0 = Debug|ARM
		{353CCE80-A221-49FA-A8E8-5781AB85959F}.Debug|iPhone.ActiveCfg = Debug|Any CPU
		{353CCE80-A221-49FA-A8E8-5781AB85959F}.Debug|iPhone.Build.0 = Debug|Any CPU
		{353CCE80-A221-49FA-A8E8-5781AB85959F}.Debug|iPhone.Deploy.0 = Debug|Any CPU
		{353CCE80-A221-49FA-A8E8-5781AB85959F}.Debug|iPhoneSimulator.ActiveCfg = Debug|Any CPU
		{353CCE80-A221-49FA-A8E8-5781AB85959F}.Debug|iPhoneSimulator.Build.0 = Debug|Any CPU
		{353CCE80-A221-49FA-A8E8-5781AB85959F}.Debug|iPhoneSimulator.Deploy.0 = Debug|Any CPU
		{353CCE80-A221-49FA-A8E8-5781AB85959F}.Debug|x64.ActiveCfg = Debug|Any CPU
		{353CCE80-A221-49FA-A8E8-5781AB85959F}.Debug|x64.Build.0 = Debug|Any CPU
		{353CCE80-A221-49FA-A8E8-5781AB85959F}.Debug|x64.Deploy.0 = Debug|Any CPU
		{353CCE80-A221-49FA-A8E8-5781AB85959F}.Debug|x86.ActiveCfg = Debug|x86
		{353CCE80-A221-49FA-A8E8-5781AB85959F}.Debug|x86.Build.0 = Debug|x86
		{353CCE80-A221-49FA-A8E8-5781AB85959F}.Debug|x86.Deploy.0 = Debug|x86
		{353CCE80-A221-49FA-A8E8-5781AB85959F}.Release|Any CPU.ActiveCfg = Release|Any CPU
		{353CCE80-A221-49FA-A8E8-5781AB85959F}.Release|Any CPU.Build.0 = Release|Any CPU
		{353CCE80-A221-49FA-A8E8-5781AB85959F}.Release|Any CPU.Deploy.0 = Release|Any CPU
		{353CCE80-A221-49FA-A8E8-5781AB85959F}.Release|ARM.ActiveCfg = Release|ARM
		{353CCE80-A221-49FA-A8E8-5781AB85959F}.Release|ARM.Build.0 = Release|ARM
		{353CCE80-A221-49FA-A8E8-5781AB85959F}.Release|ARM.Deploy.0 = Release|ARM
		{353CCE80-A221-49FA-A8E8-5781AB85959F}.Release|iPhone.ActiveCfg = Release|Any CPU
		{353CCE80-A221-49FA-A8E8-5781AB85959F}.Release|iPhone.Build.0 = Release|Any CPU
		{353CCE80-A221-49FA-A8E8-5781AB85959F}.Release|iPhone.Deploy.0 = Release|Any CPU
		{353CCE80-A221-49FA-A8E8-5781AB85959F}.Release|iPhoneSimulator.ActiveCfg = Release|Any CPU
		{353CCE80-A221-49FA-A8E8-5781AB85959F}.Release|iPhoneSimulator.Build.0 = Release|Any CPU
		{353CCE80-A221-49FA-A8E8-5781AB85959F}.Release|iPhoneSimulator.Deploy.0 = Release|Any CPU
		{353CCE80-A221-49FA-A8E8-5781AB85959F}.Release|x64.ActiveCfg = Release|Any CPU
		{353CCE80-A221-49FA-A8E8-5781AB85959F}.Release|x64.Build.0 = Release|Any CPU
		{353CCE80-A221-49FA-A8E8-5781AB85959F}.Release|x64.Deploy.0 = Release|Any CPU
		{353CCE80-A221-49FA-A8E8-5781AB85959F}.Release|x86.ActiveCfg = Release|x86
		{353CCE80-A221-49FA-A8E8-5781AB85959F}.Release|x86.Build.0 = Release|x86
		{353CCE80-A221-49FA-A8E8-5781AB85959F}.Release|x86.Deploy.0 = Release|x86
		{AD122B42-72DB-47C1-AFE3-DCDAFD5EB52A}.Ad-Hoc|Any CPU.ActiveCfg = Release|x86
		{AD122B42-72DB-47C1-AFE3-DCDAFD5EB52A}.Ad-Hoc|Any CPU.Build.0 = Release|x86
		{AD122B42-72DB-47C1-AFE3-DCDAFD5EB52A}.Ad-Hoc|Any CPU.Deploy.0 = Release|x86
		{AD122B42-72DB-47C1-AFE3-DCDAFD5EB52A}.Ad-Hoc|ARM.ActiveCfg = Release|ARM
		{AD122B42-72DB-47C1-AFE3-DCDAFD5EB52A}.Ad-Hoc|ARM.Build.0 = Release|ARM
		{AD122B42-72DB-47C1-AFE3-DCDAFD5EB52A}.Ad-Hoc|ARM.Deploy.0 = Release|ARM
		{AD122B42-72DB-47C1-AFE3-DCDAFD5EB52A}.Ad-Hoc|iPhone.ActiveCfg = Release|x86
		{AD122B42-72DB-47C1-AFE3-DCDAFD5EB52A}.Ad-Hoc|iPhone.Build.0 = Release|x86
		{AD122B42-72DB-47C1-AFE3-DCDAFD5EB52A}.Ad-Hoc|iPhone.Deploy.0 = Release|x86
		{AD122B42-72DB-47C1-AFE3-DCDAFD5EB52A}.Ad-Hoc|iPhoneSimulator.ActiveCfg = Release|x86
		{AD122B42-72DB-47C1-AFE3-DCDAFD5EB52A}.Ad-Hoc|iPhoneSimulator.Build.0 = Release|x86
		{AD122B42-72DB-47C1-AFE3-DCDAFD5EB52A}.Ad-Hoc|iPhoneSimulator.Deploy.0 = Release|x86
		{AD122B42-72DB-47C1-AFE3-DCDAFD5EB52A}.Ad-Hoc|x64.ActiveCfg = Release|x64
		{AD122B42-72DB-47C1-AFE3-DCDAFD5EB52A}.Ad-Hoc|x64.Build.0 = Release|x64
		{AD122B42-72DB-47C1-AFE3-DCDAFD5EB52A}.Ad-Hoc|x64.Deploy.0 = Release|x64
		{AD122B42-72DB-47C1-AFE3-DCDAFD5EB52A}.Ad-Hoc|x86.ActiveCfg = Release|x86
		{AD122B42-72DB-47C1-AFE3-DCDAFD5EB52A}.Ad-Hoc|x86.Build.0 = Release|x86
		{AD122B42-72DB-47C1-AFE3-DCDAFD5EB52A}.Ad-Hoc|x86.Deploy.0 = Release|x86
		{AD122B42-72DB-47C1-AFE3-DCDAFD5EB52A}.AppStore|Any CPU.ActiveCfg = Release|x86
		{AD122B42-72DB-47C1-AFE3-DCDAFD5EB52A}.AppStore|Any CPU.Build.0 = Release|x86
		{AD122B42-72DB-47C1-AFE3-DCDAFD5EB52A}.AppStore|Any CPU.Deploy.0 = Release|x86
		{AD122B42-72DB-47C1-AFE3-DCDAFD5EB52A}.AppStore|ARM.ActiveCfg = Release|ARM
		{AD122B42-72DB-47C1-AFE3-DCDAFD5EB52A}.AppStore|ARM.Build.0 = Release|ARM
		{AD122B42-72DB-47C1-AFE3-DCDAFD5EB52A}.AppStore|ARM.Deploy.0 = Release|ARM
		{AD122B42-72DB-47C1-AFE3-DCDAFD5EB52A}.AppStore|iPhone.ActiveCfg = Release|x86
		{AD122B42-72DB-47C1-AFE3-DCDAFD5EB52A}.AppStore|iPhone.Build.0 = Release|x86
		{AD122B42-72DB-47C1-AFE3-DCDAFD5EB52A}.AppStore|iPhone.Deploy.0 = Release|x86
		{AD122B42-72DB-47C1-AFE3-DCDAFD5EB52A}.AppStore|iPhoneSimulator.ActiveCfg = Release|x86
		{AD122B42-72DB-47C1-AFE3-DCDAFD5EB52A}.AppStore|iPhoneSimulator.Build.0 = Release|x86
		{AD122B42-72DB-47C1-AFE3-DCDAFD5EB52A}.AppStore|iPhoneSimulator.Deploy.0 = Release|x86
		{AD122B42-72DB-47C1-AFE3-DCDAFD5EB52A}.AppStore|x64.ActiveCfg = Release|x64
		{AD122B42-72DB-47C1-AFE3-DCDAFD5EB52A}.AppStore|x64.Build.0 = Release|x64
		{AD122B42-72DB-47C1-AFE3-DCDAFD5EB52A}.AppStore|x64.Deploy.0 = Release|x64
		{AD122B42-72DB-47C1-AFE3-DCDAFD5EB52A}.AppStore|x86.ActiveCfg = Release|x86
		{AD122B42-72DB-47C1-AFE3-DCDAFD5EB52A}.AppStore|x86.Build.0 = Release|x86
		{AD122B42-72DB-47C1-AFE3-DCDAFD5EB52A}.AppStore|x86.Deploy.0 = Release|x86
		{AD122B42-72DB-47C1-AFE3-DCDAFD5EB52A}.Debug|Any CPU.ActiveCfg = Debug|x86
		{AD122B42-72DB-47C1-AFE3-DCDAFD5EB52A}.Debug|ARM.ActiveCfg = Debug|ARM
		{AD122B42-72DB-47C1-AFE3-DCDAFD5EB52A}.Debug|ARM.Build.0 = Debug|ARM
		{AD122B42-72DB-47C1-AFE3-DCDAFD5EB52A}.Debug|ARM.Deploy.0 = Debug|ARM
		{AD122B42-72DB-47C1-AFE3-DCDAFD5EB52A}.Debug|iPhone.ActiveCfg = Debug|x86
		{AD122B42-72DB-47C1-AFE3-DCDAFD5EB52A}.Debug|iPhoneSimulator.ActiveCfg = Debug|x86
		{AD122B42-72DB-47C1-AFE3-DCDAFD5EB52A}.Debug|x64.ActiveCfg = Debug|x64
		{AD122B42-72DB-47C1-AFE3-DCDAFD5EB52A}.Debug|x64.Build.0 = Debug|x64
		{AD122B42-72DB-47C1-AFE3-DCDAFD5EB52A}.Debug|x64.Deploy.0 = Debug|x64
		{AD122B42-72DB-47C1-AFE3-DCDAFD5EB52A}.Debug|x86.ActiveCfg = Debug|x86
		{AD122B42-72DB-47C1-AFE3-DCDAFD5EB52A}.Debug|x86.Build.0 = Debug|x86
		{AD122B42-72DB-47C1-AFE3-DCDAFD5EB52A}.Debug|x86.Deploy.0 = Debug|x86
		{AD122B42-72DB-47C1-AFE3-DCDAFD5EB52A}.Release|Any CPU.ActiveCfg = Release|x86
		{AD122B42-72DB-47C1-AFE3-DCDAFD5EB52A}.Release|ARM.ActiveCfg = Release|ARM
		{AD122B42-72DB-47C1-AFE3-DCDAFD5EB52A}.Release|ARM.Build.0 = Release|ARM
		{AD122B42-72DB-47C1-AFE3-DCDAFD5EB52A}.Release|ARM.Deploy.0 = Release|ARM
		{AD122B42-72DB-47C1-AFE3-DCDAFD5EB52A}.Release|iPhone.ActiveCfg = Release|x86
		{AD122B42-72DB-47C1-AFE3-DCDAFD5EB52A}.Release|iPhoneSimulator.ActiveCfg = Release|x86
		{AD122B42-72DB-47C1-AFE3-DCDAFD5EB52A}.Release|x64.ActiveCfg = Release|x64
		{AD122B42-72DB-47C1-AFE3-DCDAFD5EB52A}.Release|x64.Build.0 = Release|x64
		{AD122B42-72DB-47C1-AFE3-DCDAFD5EB52A}.Release|x64.Deploy.0 = Release|x64
		{AD122B42-72DB-47C1-AFE3-DCDAFD5EB52A}.Release|x86.ActiveCfg = Release|x86
		{AD122B42-72DB-47C1-AFE3-DCDAFD5EB52A}.Release|x86.Build.0 = Release|x86
		{AD122B42-72DB-47C1-AFE3-DCDAFD5EB52A}.Release|x86.Deploy.0 = Release|x86
		{45736CB2-2CEA-4897-A741-2EC36811E565}.Ad-Hoc|Any CPU.ActiveCfg = Release|Any CPU
		{45736CB2-2CEA-4897-A741-2EC36811E565}.Ad-Hoc|Any CPU.Build.0 = Release|Any CPU
		{45736CB2-2CEA-4897-A741-2EC36811E565}.Ad-Hoc|Any CPU.Deploy.0 = Release|Any CPU
		{45736CB2-2CEA-4897-A741-2EC36811E565}.Ad-Hoc|ARM.ActiveCfg = Release|ARM
		{45736CB2-2CEA-4897-A741-2EC36811E565}.Ad-Hoc|ARM.Build.0 = Release|ARM
		{45736CB2-2CEA-4897-A741-2EC36811E565}.Ad-Hoc|ARM.Deploy.0 = Release|ARM
		{45736CB2-2CEA-4897-A741-2EC36811E565}.Ad-Hoc|iPhone.ActiveCfg = Release|Any CPU
		{45736CB2-2CEA-4897-A741-2EC36811E565}.Ad-Hoc|iPhone.Build.0 = Release|Any CPU
		{45736CB2-2CEA-4897-A741-2EC36811E565}.Ad-Hoc|iPhone.Deploy.0 = Release|Any CPU
		{45736CB2-2CEA-4897-A741-2EC36811E565}.Ad-Hoc|iPhoneSimulator.ActiveCfg = Release|Any CPU
		{45736CB2-2CEA-4897-A741-2EC36811E565}.Ad-Hoc|iPhoneSimulator.Build.0 = Release|Any CPU
		{45736CB2-2CEA-4897-A741-2EC36811E565}.Ad-Hoc|iPhoneSimulator.Deploy.0 = Release|Any CPU
		{45736CB2-2CEA-4897-A741-2EC36811E565}.Ad-Hoc|x64.ActiveCfg = Release|x64
		{45736CB2-2CEA-4897-A741-2EC36811E565}.Ad-Hoc|x64.Build.0 = Release|x64
		{45736CB2-2CEA-4897-A741-2EC36811E565}.Ad-Hoc|x64.Deploy.0 = Release|x64
		{45736CB2-2CEA-4897-A741-2EC36811E565}.Ad-Hoc|x86.ActiveCfg = Release|x86
		{45736CB2-2CEA-4897-A741-2EC36811E565}.Ad-Hoc|x86.Build.0 = Release|x86
		{45736CB2-2CEA-4897-A741-2EC36811E565}.Ad-Hoc|x86.Deploy.0 = Release|x86
		{45736CB2-2CEA-4897-A741-2EC36811E565}.AppStore|Any CPU.ActiveCfg = Release|Any CPU
		{45736CB2-2CEA-4897-A741-2EC36811E565}.AppStore|Any CPU.Build.0 = Release|Any CPU
		{45736CB2-2CEA-4897-A741-2EC36811E565}.AppStore|Any CPU.Deploy.0 = Release|Any CPU
		{45736CB2-2CEA-4897-A741-2EC36811E565}.AppStore|ARM.ActiveCfg = Release|ARM
		{45736CB2-2CEA-4897-A741-2EC36811E565}.AppStore|ARM.Build.0 = Release|ARM
		{45736CB2-2CEA-4897-A741-2EC36811E565}.AppStore|ARM.Deploy.0 = Release|ARM
		{45736CB2-2CEA-4897-A741-2EC36811E565}.AppStore|iPhone.ActiveCfg = Release|Any CPU
		{45736CB2-2CEA-4897-A741-2EC36811E565}.AppStore|iPhone.Build.0 = Release|Any CPU
		{45736CB2-2CEA-4897-A741-2EC36811E565}.AppStore|iPhone.Deploy.0 = Release|Any CPU
		{45736CB2-2CEA-4897-A741-2EC36811E565}.AppStore|iPhoneSimulator.ActiveCfg = Release|Any CPU
		{45736CB2-2CEA-4897-A741-2EC36811E565}.AppStore|iPhoneSimulator.Build.0 = Release|Any CPU
		{45736CB2-2CEA-4897-A741-2EC36811E565}.AppStore|iPhoneSimulator.Deploy.0 = Release|Any CPU
		{45736CB2-2CEA-4897-A741-2EC36811E565}.AppStore|x64.ActiveCfg = Release|x64
		{45736CB2-2CEA-4897-A741-2EC36811E565}.AppStore|x64.Build.0 = Release|x64
		{45736CB2-2CEA-4897-A741-2EC36811E565}.AppStore|x64.Deploy.0 = Release|x64
		{45736CB2-2CEA-4897-A741-2EC36811E565}.AppStore|x86.ActiveCfg = Release|x86
		{45736CB2-2CEA-4897-A741-2EC36811E565}.AppStore|x86.Build.0 = Release|x86
		{45736CB2-2CEA-4897-A741-2EC36811E565}.AppStore|x86.Deploy.0 = Release|x86
		{45736CB2-2CEA-4897-A741-2EC36811E565}.Debug|Any CPU.ActiveCfg = Debug|Any CPU
		{45736CB2-2CEA-4897-A741-2EC36811E565}.Debug|Any CPU.Build.0 = Debug|Any CPU
		{45736CB2-2CEA-4897-A741-2EC36811E565}.Debug|Any CPU.Deploy.0 = Debug|Any CPU
		{45736CB2-2CEA-4897-A741-2EC36811E565}.Debug|ARM.ActiveCfg = Debug|ARM
		{45736CB2-2CEA-4897-A741-2EC36811E565}.Debug|ARM.Build.0 = Debug|ARM
		{45736CB2-2CEA-4897-A741-2EC36811E565}.Debug|ARM.Deploy.0 = Debug|ARM
		{45736CB2-2CEA-4897-A741-2EC36811E565}.Debug|iPhone.ActiveCfg = Debug|Any CPU
		{45736CB2-2CEA-4897-A741-2EC36811E565}.Debug|iPhone.Build.0 = Debug|Any CPU
		{45736CB2-2CEA-4897-A741-2EC36811E565}.Debug|iPhone.Deploy.0 = Debug|Any CPU
		{45736CB2-2CEA-4897-A741-2EC36811E565}.Debug|iPhoneSimulator.ActiveCfg = Debug|Any CPU
		{45736CB2-2CEA-4897-A741-2EC36811E565}.Debug|iPhoneSimulator.Build.0 = Debug|Any CPU
		{45736CB2-2CEA-4897-A741-2EC36811E565}.Debug|iPhoneSimulator.Deploy.0 = Debug|Any CPU
		{45736CB2-2CEA-4897-A741-2EC36811E565}.Debug|x64.ActiveCfg = Debug|x64
		{45736CB2-2CEA-4897-A741-2EC36811E565}.Debug|x64.Build.0 = Debug|x64
		{45736CB2-2CEA-4897-A741-2EC36811E565}.Debug|x64.Deploy.0 = Debug|x64
		{45736CB2-2CEA-4897-A741-2EC36811E565}.Debug|x86.ActiveCfg = Debug|x86
		{45736CB2-2CEA-4897-A741-2EC36811E565}.Debug|x86.Build.0 = Debug|x86
		{45736CB2-2CEA-4897-A741-2EC36811E565}.Debug|x86.Deploy.0 = Debug|x86
		{45736CB2-2CEA-4897-A741-2EC36811E565}.Release|Any CPU.ActiveCfg = Release|Any CPU
		{45736CB2-2CEA-4897-A741-2EC36811E565}.Release|Any CPU.Build.0 = Release|Any CPU
		{45736CB2-2CEA-4897-A741-2EC36811E565}.Release|Any CPU.Deploy.0 = Release|Any CPU
		{45736CB2-2CEA-4897-A741-2EC36811E565}.Release|ARM.ActiveCfg = Release|ARM
		{45736CB2-2CEA-4897-A741-2EC36811E565}.Release|ARM.Build.0 = Release|ARM
		{45736CB2-2CEA-4897-A741-2EC36811E565}.Release|ARM.Deploy.0 = Release|ARM
		{45736CB2-2CEA-4897-A741-2EC36811E565}.Release|iPhone.ActiveCfg = Release|Any CPU
		{45736CB2-2CEA-4897-A741-2EC36811E565}.Release|iPhone.Build.0 = Release|Any CPU
		{45736CB2-2CEA-4897-A741-2EC36811E565}.Release|iPhone.Deploy.0 = Release|Any CPU
		{45736CB2-2CEA-4897-A741-2EC36811E565}.Release|iPhoneSimulator.ActiveCfg = Release|Any CPU
		{45736CB2-2CEA-4897-A741-2EC36811E565}.Release|iPhoneSimulator.Build.0 = Release|Any CPU
		{45736CB2-2CEA-4897-A741-2EC36811E565}.Release|iPhoneSimulator.Deploy.0 = Release|Any CPU
		{45736CB2-2CEA-4897-A741-2EC36811E565}.Release|x64.ActiveCfg = Release|x64
		{45736CB2-2CEA-4897-A741-2EC36811E565}.Release|x64.Build.0 = Release|x64
		{45736CB2-2CEA-4897-A741-2EC36811E565}.Release|x64.Deploy.0 = Release|x64
		{45736CB2-2CEA-4897-A741-2EC36811E565}.Release|x86.ActiveCfg = Release|x86
		{45736CB2-2CEA-4897-A741-2EC36811E565}.Release|x86.Build.0 = Release|x86
		{45736CB2-2CEA-4897-A741-2EC36811E565}.Release|x86.Deploy.0 = Release|x86
	EndGlobalSection
	GlobalSection(SolutionProperties) = preSolution
		HideSolutionNode = FALSE
	EndGlobalSection
EndGlobal
